Microsoft Visual Studio Solution File, Format Version 12.00
# Visual Studio Version 17
VisualStudioVersion = 17.0.31903.59
MinimumVisualStudioVersion = 10.0.40219.1
Project("{FAE04EC0-301F-11D3-BF4B-00C04F79EFBC}") = "EcomAE.Platform", "src\EcomAE.Platform\EcomAE.Platform.csproj", "{7C74088E-74B8-402D-8A8D-932425715EF0}"
EndProject
Project("{FAE04EC0-301F-11D3-BF4B-00C04F79EFBC}") = "EcomAE.Platform.Tests", "tests\EcomAE.Platform.Tests\EcomAE.Platform.Tests.csproj", "{B9917AB9-E7FD-4218-A879-1104E8D30121}"
EndProject
Global
	GlobalSection(SolutionConfigurationPlatforms) = preSolution
		Debug|Any CPU = Debug|Any CPU
		Release|Any CPU = Release|Any CPU
	EndGlobalSection
	GlobalSection(ProjectConfigurationPlatforms) = postSolution
		{7C74088E-74B8-402D-8A8D-932425715EF0}.Debug|Any CPU.ActiveCfg = Debug|Any CPU
		{7C74088E-74B8-402D-8A8D-932425715EF0}.Debug|Any CPU.Build.0 = Debug|Any CPU
		{7C74088E-74B8-402D-8A8D-932425715EF0}.Release|Any CPU.ActiveCfg = Release|Any CPU
		{7C74088E-74B8-402D-8A8D-932425715EF0}.Release|Any CPU.Build.0 = Release|Any CPU
		{B9917AB9-E7FD-4218-A879-1104E8D30121}.Debug|Any CPU.ActiveCfg = Debug|Any CPU
		{B9917AB9-E7FD-4218-A879-1104E8D30121}.Debug|Any CPU.Build.0 = Debug|Any CPU
		{B9917AB9-E7FD-4218-A879-1104E8D30121}.Release|Any CPU.ActiveCfg = Release|Any CPU
		{B9917AB9-E7FD-4218-A879-1104E8D30121}.Release|Any CPU.Build.0 = Release|Any CPU
	EndGlobalSection
EndGlobal
